
Microsoft Visual Studio Solution File, Format Version 12.00
# Visual Studio Version 17
Project("{8BC9CEB8-8B4A-11D0-8D11-00A0C91BC942}") = "LuaInCpp", "LuaInCpp\LuaInCpp.vcxproj", "{612047B5-4DED-A1C0-7606-90686232D74E}"
EndProject
Project("{8BC9CEB8-8B4A-11D0-8D11-00A0C91BC942}") = "LuaStatic", "Lua\LuaStatic.vcxproj", "{AFD9FB75-1B44-B0EC-6482-6192D02B8E41}"
EndProject
Global
	GlobalSection(SolutionConfigurationPlatforms) = preSolution
		Debug|x64 = Debug|x64
		Dist|x64 = Dist|x64
		Rel|x64 = Rel|x64
	EndGlobalSection
	GlobalSection(ProjectConfigurationPlatforms) = postSolution
		{612047B5-4DED-A1C0-7606-90686232D74E}.Debug|x64.ActiveCfg = Debug|x64
		{612047B5-4DED-A1C0-7606-90686232D74E}.Debug|x64.Build.0 = Debug|x64
		{612047B5-4DED-A1C0-7606-90686232D74E}.Dist|x64.ActiveCfg = Dist|x64
		{612047B5-4DED-A1C0-7606-90686232D74E}.Dist|x64.Build.0 = Dist|x64
		{612047B5-4DED-A1C0-7606-90686232D74E}.Rel|x64.ActiveCfg = Rel|x64
		{612047B5-4DED-A1C0-7606-90686232D74E}.Rel|x64.Build.0 = Rel|x64
		{AFD9FB75-1B44-B0EC-6482-6192D02B8E41}.Debug|x64.ActiveCfg = Debug|x64
		{AFD9FB75-1B44-B0EC-6482-6192D02B8E41}.Debug|x64.Build.0 = Debug|x64
		{AFD9FB75-1B44-B0EC-6482-6192D02B8E41}.Dist|x64.ActiveCfg = Dist|x64
		{AFD9FB75-1B44-B0EC-6482-6192D02B8E41}.Dist|x64.Build.0 = Dist|x64
		{AFD9FB75-1B44-B0EC-6482-6192D02B8E41}.Rel|x64.ActiveCfg = Rel|x64
		{AFD9FB75-1B44-B0EC-6482-6192D02B8E41}.Rel|x64.Build.0 = Rel|x64
	EndGlobalSection
	GlobalSection(SolutionProperties) = preSolution
		HideSolutionNode = FALSE
	EndGlobalSection
EndGlobal
